# This file is autogenerated, do not edit; changes may be undone by the next 'dep ensure'.


[[projects]]
  branch = "master"
  digest = "1:37931c0310747bf4e0261a774c16f0b2955a9c87ade01bc6d51a07b122c39194"
  name = "github.com/RobotsAndPencils/go-saml"
  packages = [
    ".",
    "util",
  ]
  pruneopts = "UT"
  revision = "fb13cb52a46b55a9f20e6d497658dd494c7c1ef1"

[[projects]]
  digest = "1:e0bb28ebfea46a3e87a416b1b2de46ce473f701b31232f07278d58c4711e32ac"
  name = "github.com/aws/aws-sdk-go"
  packages = [
    "aws",
    "aws/awserr",
    "aws/awsutil",
    "aws/client",
    "aws/client/metadata",
    "aws/corehandlers",
    "aws/credentials",
    "aws/credentials/ec2rolecreds",
    "aws/credentials/endpointcreds",
    "aws/credentials/processcreds",
    "aws/credentials/stscreds",
    "aws/csm",
    "aws/defaults",
    "aws/ec2metadata",
    "aws/endpoints",
    "aws/request",
    "aws/session",
    "aws/signer/v4",
    "internal/ini",
    "internal/sdkio",
    "internal/sdkmath",
    "internal/sdkrand",
    "internal/sdkuri",
    "internal/shareddefaults",
    "private/protocol",
    "private/protocol/json/jsonutil",
    "private/protocol/query",
    "private/protocol/query/queryutil",
    "private/protocol/rest",
    "private/protocol/xml/xmlutil",
    "service/sts",
    "service/sts/stsiface",
  ]
  pruneopts = "UT"
  revision = "adf0d7dcf139d718ab18e46f6055735a27be867a"
  version = "v1.25.15"

[[projects]]
  branch = "master"
  digest = "1:aa18644961a96c7fddd036fe054d88fb521a2e103130fdb2bdf1001fcb70372c"
  name = "github.com/chromedp/cdproto"
  packages = [
    ".",
    "accessibility",
    "animation",
    "applicationcache",
    "audits",
    "backgroundservice",
    "browser",
    "cachestorage",
    "cast",
    "cdp",
    "css",
    "database",
    "debugger",
    "deviceorientation",
    "dom",
    "domdebugger",
    "domsnapshot",
    "domstorage",
    "emulation",
    "fetch",
    "headlessexperimental",
    "heapprofiler",
    "indexeddb",
    "input",
    "inspector",
    "io",
    "layertree",
    "log",
    "media",
    "memory",
    "network",
    "overlay",
    "page",
    "performance",
    "profiler",
    "runtime",
    "security",
    "serviceworker",
    "storage",
    "systeminfo",
    "target",
    "tethering",
    "tracing",
    "webaudio",
    "webauthn",
  ]
  pruneopts = "UT"
  revision = "ffea6b31d538a7cce876e221fa44ef4f69c9d038"

[[projects]]
  digest = "1:cfd47f2036ebcec975bd79962970afd38f0270505285ef0248ce38cb01ad0fe2"
  name = "github.com/chromedp/chromedp"
  packages = [
    ".",
    "client",
    "kb",
    "runner",
  ]
  pruneopts = "UT"
  revision = "4cc98907450234863eb7f74e545bb6def2352720"
  version = "v0.1.3"

[[projects]]
  digest = "1:80154261f3a8bd25b0c4f229fa007ebe8f1fef3b7be9363512b0e72b1543ce70"
  name = "github.com/disintegration/imaging"
  packages = ["."]
  pruneopts = "UT"
  revision = "9aab30e6aa535fe3337b489b76759ef97dfaf362"
  version = "v1.6.1"

[[projects]]
  digest = "1:2a2e303bb32696f9250d4ba3d8c25c7849a6bff66a13a9f9caf4f34774b5ee51"
  name = "github.com/go-ini/ini"
  packages = ["."]
  pruneopts = "UT"
  revision = "1eb383f13cde0e7be091181a93b58574638129f0"
  version = "v1.49.0"

[[projects]]
  digest = "1:582b704bebaa06b48c29b0cec224a6058a09c86883aaddabde889cd1a5f73e1b"
  name = "github.com/google/uuid"
  packages = ["."]
  pruneopts = "UT"
  revision = "0cd6bf5da1e1c83f8b45653022c74f71af0538a4"
  version = "v1.1.1"

[[projects]]
  digest = "1:e62657cca9badaa308d86e7716083e4c5933bb78e30a17743fc67f50be26f6f4"
  name = "github.com/gorilla/websocket"
  packages = ["."]
  pruneopts = "UT"
  revision = "c3e18be99d19e6b3e8f1559eea2c161a665c4b6b"
  version = "v1.4.1"

[[projects]]
  digest = "1:bb81097a5b62634f3e9fec1014657855610c82d19b9a40c17612e32651e35dca"
  name = "github.com/jmespath/go-jmespath"
  packages = ["."]
  pruneopts = "UT"
  revision = "c2b33e84"

[[projects]]
  branch = "master"
  digest = "1:f433da6fbabb0bd1bd730fd340782015c644123d02eb78c20c69ce03352daad1"
  name = "github.com/kardianos/osext"
  packages = ["."]
  pruneopts = "UT"
  revision = "2bc1f35cddc0cc527b4bc3dce8578fc2a6c11384"

[[projects]]
  branch = "master"
  digest = "1:957b15d94d4771a424b6ccb959214fe8caafb7d791d0f588ac572b7cdc894457"
  name = "github.com/knq/snaker"
  packages = ["."]
  pruneopts = "UT"
  revision = "2bc8a4db468777180ca38d551094b83073bed25f"

[[projects]]
  branch = "master"
  digest = "1:5565954a979057d9bb093b1001f804d6e0ebdf3917117f3e7319b1d6f083ddc5"
  name = "github.com/knq/sysutil"
  packages = ["."]
  pruneopts = "UT"
  revision = "15668db23d08158adb81783bf9e1617e7ca99c10"

[[projects]]
  digest = "1:891f9c13236eb1b6d1abd4fe01e6c9be51bcc65f04da0dfa4bfdf356374e98c4"
  name = "github.com/mailru/easyjson"
  packages = [
    ".",
    "buffer",
    "jlexer",
    "jwriter",
  ]
  pruneopts = "UT"
  revision = "1b2b06f5f209fea48ff5922d8bfb2b9ed5d8f00b"
  version = "v0.7.0"

[[projects]]
  digest = "1:5d231480e1c64a726869bc4142d270184c419749d34f167646baa21008eb0a79"
  name = "github.com/mitchellh/go-homedir"
  packages = ["."]
  pruneopts = "UT"
  revision = "af06845cf3004701891bf4fdb884bfe4920b3727"
  version = "v1.1.0"

[[projects]]
  branch = "master"
  digest = "1:0e1e5f960c58fdc677212fcc70e55042a0084d367623e51afbdb568963832f5d"
  name = "github.com/nu7hatch/gouuid"
  packages = ["."]
  pruneopts = "UT"
  revision = "179d4d0c4d8d407a32af483c2354df1d2c91e6c3"

[[projects]]
  digest = "1:cf31692c14422fa27c83a05292eb5cbe0fb2775972e8f1f8446a71549bd8980b"
  name = "github.com/pkg/errors"
  packages = ["."]
  pruneopts = "UT"
  revision = "ba968bfe8b2f7e042a574c888954fccecfa385b4"
  version = "v0.8.1"

[[projects]]
  branch = "master"
  digest = "1:b3710f66b926eaee90005212e4dea89f2e9b2029c542b12386216dc8ec2f83c4"
  name = "golang.org/x/image"
  packages = [
    "bmp",
    "ccitt",
    "tiff",
    "tiff/lzw",
  ]
  pruneopts = "UT"
  revision = "e7c1f5e7dbb87d8921928a6d9fc52fb31ce73b24"

[solve-meta]
  analyzer-name = "dep"
  analyzer-version = 1
  input-imports = [
    "github.com/RobotsAndPencils/go-saml",
    "github.com/aws/aws-sdk-go/aws",
    "github.com/aws/aws-sdk-go/aws/session",
    "github.com/aws/aws-sdk-go/service/sts",
    "github.com/chromedp/cdproto",
    "github.com/chromedp/cdproto/network",
    "github.com/chromedp/chromedp",
    "github.com/go-ini/ini",
    "github.com/google/uuid",
    "github.com/mitchellh/go-homedir",
    "github.com/pkg/errors",
  ]
  solver-name = "gps-cdcl"
  solver-version = 1
